
Microsoft Visual Studio Solution File, Format Version 12.00
# Visual Studio 15
Project("{FAE04EC0-301F-11D3-BF4B-00C04F79EFBC}") = "Unity.MemoryProfiler.Editor", "Unity.MemoryProfiler.Editor.csproj", "{021D7F17-9409-5806-DF23-1F4D1B528261}"
EndProject
Project("{FAE04EC0-301F-11D3-BF4B-00C04F79EFBC}") = "Unity.Timeline", "Unity.Timeline.csproj", "{F3032126-C734-BB49-FA2B-7687DA8074C9}"
EndProject
Project("{FAE04EC0-301F-11D3-BF4B-00C04F79EFBC}") = "Unity.Timeline.Editor", "Unity.Timeline.Editor.csproj", "{8A884485-5D82-C2EE-D835-A440784161A3}"
EndProject
Project("{FAE04EC0-301F-11D3-BF4B-00C04F79EFBC}") = "Unity.TextMeshPro.Editor", "Unity.TextMeshPro.Editor.csproj", "{1406C69C-07BC-FE82-72FB-A3350E98AEBB}"
EndProject
Project("{FAE04EC0-301F-11D3-BF4B-00C04F79EFBC}") = "Unity.VisualScripting.Flow", "Unity.VisualScripting.Flow.csproj", "{49EED479-174E-0C31-5951-1D2241A084BE}"
EndProject
Project("{FAE04EC0-301F-11D3-BF4B-00C04F79EFBC}") = "UnityEditor.UI", "UnityEditor.UI.csproj", "{2CCDD5D3-D0A1-284E-68EB-F562306A3745}"
EndProject
Project("{FAE04EC0-301F-11D3-BF4B-00C04F79EFBC}") = "Unity.ProBuilder", "Unity.ProBuilder.csproj", "{E9D8D442-3EA5-4245-1D6C-C7E23FB894AA}"
EndProject
Project("{FAE04EC0-301F-11D3-BF4B-00C04F79EFBC}") = "Unity.PlasticSCM.Editor", "Unity.PlasticSCM.Editor.csproj", "{3AEAA8D8-CE0C-C9CF-C990-EA3E2F47E1F8}"
EndProject
Project("{FAE04EC0-301F-11D3-BF4B-00C04F79EFBC}") = "Unity.InputSystem", "Unity.InputSystem.csproj", "{EC56F79E-DEE0-E56B-FD92-0BDD890445BD}"
EndProject
Project("{FAE04EC0-301F-11D3-BF4B-00C04F79EFBC}") = "Unity.ProBuilder.Editor", "Unity.ProBuilder.Editor.csproj", "{58D5900C-C0D9-0605-54BF-A0B1A8FE579C}"
EndProject
Project("{FAE04EC0-301F-11D3-BF4B-00C04F79EFBC}") = "Unity.VisualScripting.Core", "Unity.VisualScripting.Core.csproj", "{5EB16036-1D2D-8361-BD97-F5E47D7E7E37}"
EndProject
Project("{FAE04EC0-301F-11D3-BF4B-00C04F79EFBC}") = "Cinemachine", "Cinemachine.csproj", "{DA9B011C-AE7C-8ADE-FC8B-C9A5ED6DD099}"
EndProject
Project("{FAE04EC0-301F-11D3-BF4B-00C04F79EFBC}") = "Unity.VisualScripting.Core.Editor", "Unity.VisualScripting.Core.Editor.csproj", "{A6149A5E-EE60-1EE1-4952-2099B66E0A4B}"
EndProject
Project("{FAE04EC0-301F-11D3-BF4B-00C04F79EFBC}") = "Unity.VisualScripting.Flow.Editor", "Unity.VisualScripting.Flow.Editor.csproj", "{D11D0D3B-2814-2320-34A1-90990774B892}"
EndProject
Project("{FAE04EC0-301F-11D3-BF4B-00C04F79EFBC}") = "UnityEditor.TestRunner", "UnityEditor.TestRunner.csproj", "{06EC8B7D-B911-3A41-95F7-A0049A68BDED}"
EndProject
Project("{FAE04EC0-301F-11D3-BF4B-00C04F79EFBC}") = "Unity.ProBuilder.Poly2Tri", "Unity.ProBuilder.Poly2Tri.csproj", "{233997A0-B1EF-FD8B-3F46-435E1042AB07}"
EndProject
Project("{FAE04EC0-301F-11D3-BF4B-00C04F79EFBC}") = "Unity.VisualScripting.SettingsProvider.Editor", "Unity.VisualScripting.SettingsProvider.Editor.csproj", "{8178C93A-8CF1-144D-1B4E-49FA2BC655F2}"
EndProject
Project("{FAE04EC0-301F-11D3-BF4B-00C04F79EFBC}") = "UnityEngine.TestRunner", "UnityEngine.TestRunner.csproj", "{7CFF6179-4BD1-8ECE-3CE0-4D6220ADB0C0}"
EndProject
Project("{FAE04EC0-301F-11D3-BF4B-00C04F79EFBC}") = "UnityEngine.UI", "UnityEngine.UI.csproj", "{717D8161-7F0C-FFAE-F4E5-05A7DE94055C}"
EndProject
Project("{FAE04EC0-301F-11D3-BF4B-00C04F79EFBC}") = "Unity.ProBuilder.Csg", "Unity.ProBuilder.Csg.csproj", "{BF4D473B-6898-9694-49A0-75DD76B3AAE6}"
EndProject
Project("{FAE04EC0-301F-11D3-BF4B-00C04F79EFBC}") = "Unity.AI.Navigation.Editor", "Unity.AI.Navigation.Editor.csproj", "{5B7FF771-3489-6747-A1D6-152E09A5C550}"
EndProject
Project("{FAE04EC0-301F-11D3-BF4B-00C04F79EFBC}") = "Unity.VisualStudio.Editor", "Unity.VisualStudio.Editor.csproj", "{4912033E-BB04-C847-4A1D-4C256BE76746}"
EndProject
Project("{FAE04EC0-301F-11D3-BF4B-00C04F79EFBC}") = "com.unity.cinemachine.editor", "com.unity.cinemachine.editor.csproj", "{0F20769C-9D75-D27F-BFF1-9ECBB24A91CC}"
EndProject
Project("{FAE04EC0-301F-11D3-BF4B-00C04F79EFBC}") = "Unity.TestTools.CodeCoverage.Editor.OpenCover.Model", "Unity.TestTools.CodeCoverage.Editor.OpenCover.Model.csproj", "{F79550D9-DCEF-4CB9-4E51-A5C09BDE15CB}"
EndProject
Project("{FAE04EC0-301F-11D3-BF4B-00C04F79EFBC}") = "Unity.Rider.Editor", "Unity.Rider.Editor.csproj", "{2CD4085F-0505-3A9B-D753-E9C35F7DC5A0}"
EndProject
Project("{FAE04EC0-301F-11D3-BF4B-00C04F79EFBC}") = "Unity.AI.Navigation", "Unity.AI.Navigation.csproj", "{C8A7F93D-0847-37FA-7A3E-1FFD6969AADD}"
EndProject
Project("{FAE04EC0-301F-11D3-BF4B-00C04F79EFBC}") = "Unity.AI.Navigation.Editor.ConversionSystem", "Unity.AI.Navigation.Editor.ConversionSystem.csproj", "{F34465A8-6501-64C5-764E-3C7B5BB4E583}"
EndProject
Project("{FAE04EC0-301F-11D3-BF4B-00C04F79EFBC}") = "Unity.VisualScripting.State.Editor", "Unity.VisualScripting.State.Editor.csproj", "{B230661B-BF47-58B4-DE3D-8677AEBB137B}"
EndProject
Project("{FAE04EC0-301F-11D3-BF4B-00C04F79EFBC}") = "Unity.TestTools.CodeCoverage.Editor", "Unity.TestTools.CodeCoverage.Editor.csproj", "{ED0EA750-4524-4515-2399-FB7E9ED5D504}"
EndProject
Project("{FAE04EC0-301F-11D3-BF4B-00C04F79EFBC}") = "Unity.VisualScripting.State", "Unity.VisualScripting.State.csproj", "{7BCA0033-E4F1-B600-A975-CEB7682FF5FF}"
EndProject
Project("{FAE04EC0-301F-11D3-BF4B-00C04F79EFBC}") = "Unity.TextMeshPro", "Unity.TextMeshPro.csproj", "{DEF77E23-D089-1F56-26F7-E03614B31CD8}"
EndProject
Project("{FAE04EC0-301F-11D3-BF4B-00C04F79EFBC}") = "Assembly-CSharp", "Assembly-CSharp.csproj", "{FFA6CF28-DCFC-4848-B649-8CC435A5B42D}"
EndProject
Project("{FAE04EC0-301F-11D3-BF4B-00C04F79EFBC}") = "Unity.Performance.Profile-Analyzer.Editor", "Unity.Performance.Profile-Analyzer.Editor.csproj", "{6744768C-73C2-E395-5D0E-F127A5C23DE1}"
EndProject
Project("{FAE04EC0-301F-11D3-BF4B-00C04F79EFBC}") = "Unity.VSCode.Editor", "Unity.VSCode.Editor.csproj", "{727ADE33-6495-EA8F-C47F-14FB4D51C5A1}"
EndProject
Project("{FAE04EC0-301F-11D3-BF4B-00C04F79EFBC}") = "Unity.TestTools.CodeCoverage.Editor.OpenCover.Mono.Reflection", "Unity.TestTools.CodeCoverage.Editor.OpenCover.Mono.Reflection.csproj", "{B5B62916-841C-D3B8-3CA8-1D69CF6187C5}"
EndProject
Project("{FAE04EC0-301F-11D3-BF4B-00C04F79EFBC}") = "Unity.AI.Navigation.Updater", "Unity.AI.Navigation.Updater.csproj", "{BBBDA839-B0BC-D766-6E10-A02F5A2D9891}"
EndProject
Project("{FAE04EC0-301F-11D3-BF4B-00C04F79EFBC}") = "Unity.ProBuilder.Stl", "Unity.ProBuilder.Stl.csproj", "{A73C1938-FCAF-55BA-40D6-B478332ADA0D}"
EndProject
Project("{FAE04EC0-301F-11D3-BF4B-00C04F79EFBC}") = "Unity.Settings.Editor", "Unity.Settings.Editor.csproj", "{9CB6AAFA-9274-8D8A-1638-3FA9BFA32D57}"
EndProject
Project("{FAE04EC0-301F-11D3-BF4B-00C04F79EFBC}") = "Unity.ProBuilder.AssetIdRemapUtility", "Unity.ProBuilder.AssetIdRemapUtility.csproj", "{BEEFD2B2-77DE-D795-0906-D29DC4CB98DA}"
EndProject
Project("{FAE04EC0-301F-11D3-BF4B-00C04F79EFBC}") = "Unity.MemoryProfiler.Editor.MemoryProfilerModule", "Unity.MemoryProfiler.Editor.MemoryProfilerModule.csproj", "{7AB04E44-3153-8110-B1A1-7369CCD03B3C}"
EndProject
Project("{FAE04EC0-301F-11D3-BF4B-00C04F79EFBC}") = "Unity.ProBuilder.KdTree", "Unity.ProBuilder.KdTree.csproj", "{83D646F6-1A8F-160C-2AFC-0441AD895DAD}"
EndProject
Project("{FAE04EC0-301F-11D3-BF4B-00C04F79EFBC}") = "Unity.ProBuilder.AddOns.Editor", "Unity.ProBuilder.AddOns.Editor.csproj", "{38B63D57-B9A1-1290-EB2C-A0A5994CE373}"
EndProject
Project("{FAE04EC0-301F-11D3-BF4B-00C04F79EFBC}") = "Unity.InputSystem.ForUI", "Unity.InputSystem.ForUI.csproj", "{EF11CA28-D2E4-911C-5D15-DD059D02FFEE}"
EndProject
Project("{FAE04EC0-301F-11D3-BF4B-00C04F79EFBC}") = "Unity.MemoryProfiler", "Unity.MemoryProfiler.csproj", "{A6A72F49-73B8-027B-9772-332C0E17B053}"
EndProject
Project("{FAE04EC0-301F-11D3-BF4B-00C04F79EFBC}") = "Unity.EditorCoroutines.Editor", "Unity.EditorCoroutines.Editor.csproj", "{79A357C2-4186-6FF1-1B8C-C6178C58919D}"
EndProject
Project("{FAE04EC0-301F-11D3-BF4B-00C04F79EFBC}") = "Unity.InputSystem.TestFramework", "Unity.InputSystem.TestFramework.csproj", "{F4A7FF71-1D97-DB23-5AFA-DA5F5BF8C4AD}"
EndProject
Project("{FAE04EC0-301F-11D3-BF4B-00C04F79EFBC}") = "Unity.VisualScripting.Shared.Editor", "Unity.VisualScripting.Shared.Editor.csproj", "{3690B19A-9BD5-BF1F-5563-8C2171F2083E}"
EndProject
Project("{FAE04EC0-301F-11D3-BF4B-00C04F79EFBC}") = "Unity.CollabProxy.Editor", "Unity.CollabProxy.Editor.csproj", "{305E61DC-66DF-4F2B-A7CD-0778718FE036}"
EndProject
Project("{FAE04EC0-301F-11D3-BF4B-00C04F79EFBC}") = "Unity.Timeline", "Unity.Timeline.Player.csproj", "{91F16006-9A82-2BCB-A09D-5936BE82CFFC}"
EndProject
Project("{FAE04EC0-301F-11D3-BF4B-00C04F79EFBC}") = "Unity.VisualScripting.Flow", "Unity.VisualScripting.Flow.Player.csproj", "{5D203303-7A2C-104A-BF35-D3C07B3472C9}"
EndProject
Project("{FAE04EC0-301F-11D3-BF4B-00C04F79EFBC}") = "Unity.ProBuilder", "Unity.ProBuilder.Player.csproj", "{D1AF9C01-FBDC-B0A5-96BE-358FA33026DB}"
EndProject
Project("{FAE04EC0-301F-11D3-BF4B-00C04F79EFBC}") = "Unity.InputSystem", "Unity.InputSystem.Player.csproj", "{8B21A0F4-5FC8-B6F5-7407-2F3F98183F37}"
EndProject
Project("{FAE04EC0-301F-11D3-BF4B-00C04F79EFBC}") = "Unity.VisualScripting.Core", "Unity.VisualScripting.Core.Player.csproj", "{4E3D1AF4-A84F-C258-B444-1A2DAEBF46BB}"
EndProject
Project("{FAE04EC0-301F-11D3-BF4B-00C04F79EFBC}") = "Cinemachine", "Cinemachine.Player.csproj", "{968740B9-7CD6-0861-EF3C-B62F7172C73D}"
EndProject
Project("{FAE04EC0-301F-11D3-BF4B-00C04F79EFBC}") = "Unity.ProBuilder.Poly2Tri", "Unity.ProBuilder.Poly2Tri.Player.csproj", "{EA1C94EC-FD84-EE51-4454-03E94F8D3D4F}"
EndProject
Project("{FAE04EC0-301F-11D3-BF4B-00C04F79EFBC}") = "UnityEngine.TestRunner", "UnityEngine.TestRunner.Player.csproj", "{E20C4A67-E270-E9E5-C988-7376C2C2C93E}"
EndProject
Project("{FAE04EC0-301F-11D3-BF4B-00C04F79EFBC}") = "UnityEngine.UI", "UnityEngine.UI.Player.csproj", "{1B539C57-EAA9-B685-42EE-68CDF57F8EAE}"
EndProject
Project("{FAE04EC0-301F-11D3-BF4B-00C04F79EFBC}") = "Unity.ProBuilder.Csg", "Unity.ProBuilder.Csg.Player.csproj", "{00EB9489-B05B-EF7F-33A0-C36F214B2952}"
EndProject
Project("{FAE04EC0-301F-11D3-BF4B-00C04F79EFBC}") = "Unity.AI.Navigation", "Unity.AI.Navigation.Player.csproj", "{18291844-7C20-AF68-BCEE-542FE5BA35EA}"
EndProject
Project("{FAE04EC0-301F-11D3-BF4B-00C04F79EFBC}") = "Unity.VisualScripting.State", "Unity.VisualScripting.State.Player.csproj", "{2635927C-006C-01F5-C1C4-02EFD102BF06}"
EndProject
Project("{FAE04EC0-301F-11D3-BF4B-00C04F79EFBC}") = "Unity.TextMeshPro", "Unity.TextMeshPro.Player.csproj", "{F891CE22-9012-AF5B-04DB-4A869404FFCD}"
EndProject
Project("{FAE04EC0-301F-11D3-BF4B-00C04F79EFBC}") = "Assembly-CSharp", "Assembly-CSharp.Player.csproj", "{89C105F1-9F82-18E7-7C7A-EDDE7185CAA1}"
EndProject
Project("{FAE04EC0-301F-11D3-BF4B-00C04F79EFBC}") = "Unity.ProBuilder.Stl", "Unity.ProBuilder.Stl.Player.csproj", "{5640F1C2-5DA4-591C-DCFC-B65A05DF6C80}"
EndProject
Project("{FAE04EC0-301F-11D3-BF4B-00C04F79EFBC}") = "Unity.ProBuilder.KdTree", "Unity.ProBuilder.KdTree.Player.csproj", "{EF559C3D-7F15-8A74-0613-F7AB8D7B04F8}"
EndProject
Project("{FAE04EC0-301F-11D3-BF4B-00C04F79EFBC}") = "Unity.InputSystem.ForUI", "Unity.InputSystem.ForUI.Player.csproj", "{5A925B38-E361-F92B-6390-ACFC7E21BE35}"
EndProject
Project("{FAE04EC0-301F-11D3-BF4B-00C04F79EFBC}") = "Unity.MemoryProfiler", "Unity.MemoryProfiler.Player.csproj", "{89DAA71B-A836-429A-B2F0-703487C44782}"
EndProject
Project("{FAE04EC0-301F-11D3-BF4B-00C04F79EFBC}") = "Unity.InputSystem.TestFramework", "Unity.InputSystem.TestFramework.Player.csproj", "{325EE843-6109-A1B5-C4FF-6D104B089910}"
EndProject
Global
	GlobalSection(SolutionConfigurationPlatforms) = preSolution
		Debug|Any CPU = Debug|Any CPU
		Release|Any CPU = Release|Any CPU
	EndGlobalSection
	GlobalSection(ProjectConfigurationPlatforms) = postSolution
		{021D7F17-9409-5806-DF23-1F4D1B528261}.Debug|Any CPU.ActiveCfg = Debug|Any CPU
		{021D7F17-9409-5806-DF23-1F4D1B528261}.Debug|Any CPU.Build.0 = Debug|Any CPU
		{021D7F17-9409-5806-DF23-1F4D1B528261}.Release|Any CPU.ActiveCfg = Release|Any CPU
		{021D7F17-9409-5806-DF23-1F4D1B528261}.Release|Any CPU.Build.0 = Release|Any CPU
		{F3032126-C734-BB49-FA2B-7687DA8074C9}.Debug|Any CPU.ActiveCfg = Debug|Any CPU
		{F3032126-C734-BB49-FA2B-7687DA8074C9}.Debug|Any CPU.Build.0 = Debug|Any CPU
		{F3032126-C734-BB49-FA2B-7687DA8074C9}.Release|Any CPU.ActiveCfg = Release|Any CPU
		{F3032126-C734-BB49-FA2B-7687DA8074C9}.Release|Any CPU.Build.0 = Release|Any CPU
		{8A884485-5D82-C2EE-D835-A440784161A3}.Debug|Any CPU.ActiveCfg = Debug|Any CPU
		{8A884485-5D82-C2EE-D835-A440784161A3}.Debug|Any CPU.Build.0 = Debug|Any CPU
		{8A884485-5D82-C2EE-D835-A440784161A3}.Release|Any CPU.ActiveCfg = Release|Any CPU
		{8A884485-5D82-C2EE-D835-A440784161A3}.Release|Any CPU.Build.0 = Release|Any CPU
		{1406C69C-07BC-FE82-72FB-A3350E98AEBB}.Debug|Any CPU.ActiveCfg = Debug|Any CPU
		{1406C69C-07BC-FE82-72FB-A3350E98AEBB}.Debug|Any CPU.Build.0 = Debug|Any CPU
		{1406C69C-07BC-FE82-72FB-A3350E98AEBB}.Release|Any CPU.ActiveCfg = Release|Any CPU
		{1406C69C-07BC-FE82-72FB-A3350E98AEBB}.Release|Any CPU.Build.0 = Release|Any CPU
		{49EED479-174E-0C31-5951-1D2241A084BE}.Debug|Any CPU.ActiveCfg = Debug|Any CPU
		{49EED479-174E-0C31-5951-1D2241A084BE}.Debug|Any CPU.Build.0 = Debug|Any CPU
		{49EED479-174E-0C31-5951-1D2241A084BE}.Release|Any CPU.ActiveCfg = Release|Any CPU
		{49EED479-174E-0C31-5951-1D2241A084BE}.Release|Any CPU.Build.0 = Release|Any CPU
		{2CCDD5D3-D0A1-284E-68EB-F562306A3745}.Debug|Any CPU.ActiveCfg = Debug|Any CPU
		{2CCDD5D3-D0A1-284E-68EB-F562306A3745}.Debug|Any CPU.Build.0 = Debug|Any CPU
		{2CCDD5D3-D0A1-284E-68EB-F562306A3745}.Release|Any CPU.ActiveCfg = Release|Any CPU
		{2CCDD5D3-D0A1-284E-68EB-F562306A3745}.Release|Any CPU.Build.0 = Release|Any CPU
		{E9D8D442-3EA5-4245-1D6C-C7E23FB894AA}.Debug|Any CPU.ActiveCfg = Debug|Any CPU
		{E9D8D442-3EA5-4245-1D6C-C7E23FB894AA}.Debug|Any CPU.Build.0 = Debug|Any CPU
		{E9D8D442-3EA5-4245-1D6C-C7E23FB894AA}.Release|Any CPU.ActiveCfg = Release|Any CPU
		{E9D8D442-3EA5-4245-1D6C-C7E23FB894AA}.Release|Any CPU.Build.0 = Release|Any CPU
		{3AEAA8D8-CE0C-C9CF-C990-EA3E2F47E1F8}.Debug|Any CPU.ActiveCfg = Debug|Any CPU
		{3AEAA8D8-CE0C-C9CF-C990-EA3E2F47E1F8}.Debug|Any CPU.Build.0 = Debug|Any CPU
		{3AEAA8D8-CE0C-C9CF-C990-EA3E2F47E1F8}.Release|Any CPU.ActiveCfg = Release|Any CPU
		{3AEAA8D8-CE0C-C9CF-C990-EA3E2F47E1F8}.Release|Any CPU.Build.0 = Release|Any CPU
		{EC56F79E-DEE0-E56B-FD92-0BDD890445BD}.Debug|Any CPU.ActiveCfg = Debug|Any CPU
		{EC56F79E-DEE0-E56B-FD92-0BDD890445BD}.Debug|Any CPU.Build.0 = Debug|Any CPU
		{EC56F79E-DEE0-E56B-FD92-0BDD890445BD}.Release|Any CPU.ActiveCfg = Release|Any CPU
		{EC56F79E-DEE0-E56B-FD92-0BDD890445BD}.Release|Any CPU.Build.0 = Release|Any CPU
		{58D5900C-C0D9-0605-54BF-A0B1A8FE579C}.Debug|Any CPU.ActiveCfg = Debug|Any CPU
		{58D5900C-C0D9-0605-54BF-A0B1A8FE579C}.Debug|Any CPU.Build.0 = Debug|Any CPU
		{58D5900C-C0D9-0605-54BF-A0B1A8FE579C}.Release|Any CPU.ActiveCfg = Release|Any CPU
		{58D5900C-C0D9-0605-54BF-A0B1A8FE579C}.Release|Any CPU.Build.0 = Release|Any CPU
		{5EB16036-1D2D-8361-BD97-F5E47D7E7E37}.Debug|Any CPU.ActiveCfg = Debug|Any CPU
		{5EB16036-1D2D-8361-BD97-F5E47D7E7E37}.Debug|Any CPU.Build.0 = Debug|Any CPU
		{5EB16036-1D2D-8361-BD97-F5E47D7E7E37}.Release|Any CPU.ActiveCfg = Release|Any CPU
		{5EB16036-1D2D-8361-BD97-F5E47D7E7E37}.Release|Any CPU.Build.0 = Release|Any CPU
		{DA9B011C-AE7C-8ADE-FC8B-C9A5ED6DD099}.Debug|Any CPU.ActiveCfg = Debug|Any CPU
		{DA9B011C-AE7C-8ADE-FC8B-C9A5ED6DD099}.Debug|Any CPU.Build.0 = Debug|Any CPU
		{DA9B011C-AE7C-8ADE-FC8B-C9A5ED6DD099}.Release|Any CPU.ActiveCfg = Release|Any CPU
		{DA9B011C-AE7C-8ADE-FC8B-C9A5ED6DD099}.Release|Any CPU.Build.0 = Release|Any CPU
		{A6149A5E-EE60-1EE1-4952-2099B66E0A4B}.Debug|Any CPU.ActiveCfg = Debug|Any CPU
		{A6149A5E-EE60-1EE1-4952-2099B66E0A4B}.Debug|Any CPU.Build.0 = Debug|Any CPU
		{A6149A5E-EE60-1EE1-4952-2099B66E0A4B}.Release|Any CPU.ActiveCfg = Release|Any CPU
		{A6149A5E-EE60-1EE1-4952-2099B66E0A4B}.Release|Any CPU.Build.0 = Release|Any CPU
		{D11D0D3B-2814-2320-34A1-90990774B892}.Debug|Any CPU.ActiveCfg = Debug|Any CPU
		{D11D0D3B-2814-2320-34A1-90990774B892}.Debug|Any CPU.Build.0 = Debug|Any CPU
		{D11D0D3B-2814-2320-34A1-90990774B892}.Release|Any CPU.ActiveCfg = Release|Any CPU
		{D11D0D3B-2814-2320-34A1-90990774B892}.Release|Any CPU.Build.0 = Release|Any CPU
		{06EC8B7D-B911-3A41-95F7-A0049A68BDED}.Debug|Any CPU.ActiveCfg = Debug|Any CPU
		{06EC8B7D-B911-3A41-95F7-A0049A68BDED}.Debug|Any CPU.Build.0 = Debug|Any CPU
		{06EC8B7D-B911-3A41-95F7-A0049A68BDED}.Release|Any CPU.ActiveCfg = Release|Any CPU
		{06EC8B7D-B911-3A41-95F7-A0049A68BDED}.Release|Any CPU.Build.0 = Release|Any CPU
		{233997A0-B1EF-FD8B-3F46-435E1042AB07}.Debug|Any CPU.ActiveCfg = Debug|Any CPU
		{233997A0-B1EF-FD8B-3F46-435E1042AB07}.Debug|Any CPU.Build.0 = Debug|Any CPU
		{233997A0-B1EF-FD8B-3F46-435E1042AB07}.Release|Any CPU.ActiveCfg = Release|Any CPU
		{233997A0-B1EF-FD8B-3F46-435E1042AB07}.Release|Any CPU.Build.0 = Release|Any CPU
		{8178C93A-8CF1-144D-1B4E-49FA2BC655F2}.Debug|Any CPU.ActiveCfg = Debug|Any CPU
		{8178C93A-8CF1-144D-1B4E-49FA2BC655F2}.Debug|Any CPU.Build.0 = Debug|Any CPU
		{8178C93A-8CF1-144D-1B4E-49FA2BC655F2}.Release|Any CPU.ActiveCfg = Release|Any CPU
		{8178C93A-8CF1-144D-1B4E-49FA2BC655F2}.Release|Any CPU.Build.0 = Release|Any CPU
		{7CFF6179-4BD1-8ECE-3CE0-4D6220ADB0C0}.Debug|Any CPU.ActiveCfg = Debug|Any CPU
		{7CFF6179-4BD1-8ECE-3CE0-4D6220ADB0C0}.Debug|Any CPU.Build.0 = Debug|Any CPU
		{7CFF6179-4BD1-8ECE-3CE0-4D6220ADB0C0}.Release|Any CPU.ActiveCfg = Release|Any CPU
		{7CFF6179-4BD1-8ECE-3CE0-4D6220ADB0C0}.Release|Any CPU.Build.0 = Release|Any CPU
		{717D8161-7F0C-FFAE-F4E5-05A7DE94055C}.Debug|Any CPU.ActiveCfg = Debug|Any CPU
		{717D8161-7F0C-FFAE-F4E5-05A7DE94055C}.Debug|Any CPU.Build.0 = Debug|Any CPU
		{717D8161-7F0C-FFAE-F4E5-05A7DE94055C}.Release|Any CPU.ActiveCfg = Release|Any CPU
		{717D8161-7F0C-FFAE-F4E5-05A7DE94055C}.Release|Any CPU.Build.0 = Release|Any CPU
		{BF4D473B-6898-9694-49A0-75DD76B3AAE6}.Debug|Any CPU.ActiveCfg = Debug|Any CPU
		{BF4D473B-6898-9694-49A0-75DD76B3AAE6}.Debug|Any CPU.Build.0 = Debug|Any CPU
		{BF4D473B-6898-9694-49A0-75DD76B3AAE6}.Release|Any CPU.ActiveCfg = Release|Any CPU
		{BF4D473B-6898-9694-49A0-75DD76B3AAE6}.Release|Any CPU.Build.0 = Release|Any CPU
		{5B7FF771-3489-6747-A1D6-152E09A5C550}.Debug|Any CPU.ActiveCfg = Debug|Any CPU
		{5B7FF771-3489-6747-A1D6-152E09A5C550}.Debug|Any CPU.Build.0 = Debug|Any CPU
		{5B7FF771-3489-6747-A1D6-152E09A5C550}.Release|Any CPU.ActiveCfg = Release|Any CPU
		{5B7FF771-3489-6747-A1D6-152E09A5C550}.Release|Any CPU.Build.0 = Release|Any CPU
		{4912033E-BB04-C847-4A1D-4C256BE76746}.Debug|Any CPU.ActiveCfg = Debug|Any CPU
		{4912033E-BB04-C847-4A1D-4C256BE76746}.Debug|Any CPU.Build.0 = Debug|Any CPU
		{4912033E-BB04-C847-4A1D-4C256BE76746}.Release|Any CPU.ActiveCfg = Release|Any CPU
		{4912033E-BB04-C847-4A1D-4C256BE76746}.Release|Any CPU.Build.0 = Release|Any CPU
		{0F20769C-9D75-D27F-BFF1-9ECBB24A91CC}.Debug|Any CPU.ActiveCfg = Debug|Any CPU
		{0F20769C-9D75-D27F-BFF1-9ECBB24A91CC}.Debug|Any CPU.Build.0 = Debug|Any CPU
		{0F20769C-9D75-D27F-BFF1-9ECBB24A91CC}.Release|Any CPU.ActiveCfg = Release|Any CPU
		{0F20769C-9D75-D27F-BFF1-9ECBB24A91CC}.Release|Any CPU.Build.0 = Release|Any CPU
		{F79550D9-DCEF-4CB9-4E51-A5C09BDE15CB}.Debug|Any CPU.ActiveCfg = Debug|Any CPU
		{F79550D9-DCEF-4CB9-4E51-A5C09BDE15CB}.Debug|Any CPU.Build.0 = Debug|Any CPU
		{F79550D9-DCEF-4CB9-4E51-A5C09BDE15CB}.Release|Any CPU.ActiveCfg = Release|Any CPU
		{F79550D9-DCEF-4CB9-4E51-A5C09BDE15CB}.Release|Any CPU.Build.0 = Release|Any CPU
		{2CD4085F-0505-3A9B-D753-E9C35F7DC5A0}.Debug|Any CPU.ActiveCfg = Debug|Any CPU
		{2CD4085F-0505-3A9B-D753-E9C35F7DC5A0}.Debug|Any CPU.Build.0 = Debug|Any CPU
		{2CD4085F-0505-3A9B-D753-E9C35F7DC5A0}.Release|Any CPU.ActiveCfg = Release|Any CPU
		{2CD4085F-0505-3A9B-D753-E9C35F7DC5A0}.Release|Any CPU.Build.0 = Release|Any CPU
		{C8A7F93D-0847-37FA-7A3E-1FFD6969AADD}.Debug|Any CPU.ActiveCfg = Debug|Any CPU
		{C8A7F93D-0847-37FA-7A3E-1FFD6969AADD}.Debug|Any CPU.Build.0 = Debug|Any CPU
		{C8A7F93D-0847-37FA-7A3E-1FFD6969AADD}.Release|Any CPU.ActiveCfg = Release|Any CPU
		{C8A7F93D-0847-37FA-7A3E-1FFD6969AADD}.Release|Any CPU.Build.0 = Release|Any CPU
		{F34465A8-6501-64C5-764E-3C7B5BB4E583}.Debug|Any CPU.ActiveCfg = Debug|Any CPU
		{F34465A8-6501-64C5-764E-3C7B5BB4E583}.Debug|Any CPU.Build.0 = Debug|Any CPU
		{F34465A8-6501-64C5-764E-3C7B5BB4E583}.Release|Any CPU.ActiveCfg = Release|Any CPU
		{F34465A8-6501-64C5-764E-3C7B5BB4E583}.Release|Any CPU.Build.0 = Release|Any CPU
		{B230661B-BF47-58B4-DE3D-8677AEBB137B}.Debug|Any CPU.ActiveCfg = Debug|Any CPU
		{B230661B-BF47-58B4-DE3D-8677AEBB137B}.Debug|Any CPU.Build.0 = Debug|Any CPU
		{B230661B-BF47-58B4-DE3D-8677AEBB137B}.Release|Any CPU.ActiveCfg = Release|Any CPU
		{B230661B-BF47-58B4-DE3D-8677AEBB137B}.Release|Any CPU.Build.0 = Release|Any CPU
		{ED0EA750-4524-4515-2399-FB7E9ED5D504}.Debug|Any CPU.ActiveCfg = Debug|Any CPU
		{ED0EA750-4524-4515-2399-FB7E9ED5D504}.Debug|Any CPU.Build.0 = Debug|Any CPU
		{ED0EA750-4524-4515-2399-FB7E9ED5D504}.Release|Any CPU.ActiveCfg = Release|Any CPU
		{ED0EA750-4524-4515-2399-FB7E9ED5D504}.Release|Any CPU.Build.0 = Release|Any CPU
		{7BCA0033-E4F1-B600-A975-CEB7682FF5FF}.Debug|Any CPU.ActiveCfg = Debug|Any CPU
		{7BCA0033-E4F1-B600-A975-CEB7682FF5FF}.Debug|Any CPU.Build.0 = Debug|Any CPU
		{7BCA0033-E4F1-B600-A975-CEB7682FF5FF}.Release|Any CPU.ActiveCfg = Release|Any CPU
		{7BCA0033-E4F1-B600-A975-CEB7682FF5FF}.Release|Any CPU.Build.0 = Release|Any CPU
		{DEF77E23-D089-1F56-26F7-E03614B31CD8}.Debug|Any CPU.ActiveCfg = Debug|Any CPU
		{DEF77E23-D089-1F56-26F7-E03614B31CD8}.Debug|Any CPU.Build.0 = Debug|Any CPU
		{DEF77E23-D089-1F56-26F7-E03614B31CD8}.Release|Any CPU.ActiveCfg = Release|Any CPU
		{DEF77E23-D089-1F56-26F7-E03614B31CD8}.Release|Any CPU.Build.0 = Release|Any CPU
		{FFA6CF28-DCFC-4848-B649-8CC435A5B42D}.Debug|Any CPU.ActiveCfg = Debug|Any CPU
		{FFA6CF28-DCFC-4848-B649-8CC435A5B42D}.Debug|Any CPU.Build.0 = Debug|Any CPU
		{FFA6CF28-DCFC-4848-B649-8CC435A5B42D}.Release|Any CPU.ActiveCfg = Release|Any CPU
		{FFA6CF28-DCFC-4848-B649-8CC435A5B42D}.Release|Any CPU.Build.0 = Release|Any CPU
		{6744768C-73C2-E395-5D0E-F127A5C23DE1}.Debug|Any CPU.ActiveCfg = Debug|Any CPU
		{6744768C-73C2-E395-5D0E-F127A5C23DE1}.Debug|Any CPU.Build.0 = Debug|Any CPU
		{6744768C-73C2-E395-5D0E-F127A5C23DE1}.Release|Any CPU.ActiveCfg = Release|Any CPU
		{6744768C-73C2-E395-5D0E-F127A5C23DE1}.Release|Any CPU.Build.0 = Release|Any CPU
		{727ADE33-6495-EA8F-C47F-14FB4D51C5A1}.Debug|Any CPU.ActiveCfg = Debug|Any CPU
		{727ADE33-6495-EA8F-C47F-14FB4D51C5A1}.Debug|Any CPU.Build.0 = Debug|Any CPU
		{727ADE33-6495-EA8F-C47F-14FB4D51C5A1}.Release|Any CPU.ActiveCfg = Release|Any CPU
		{727ADE33-6495-EA8F-C47F-14FB4D51C5A1}.Release|Any CPU.Build.0 = Release|Any CPU
		{B5B62916-841C-D3B8-3CA8-1D69CF6187C5}.Debug|Any CPU.ActiveCfg = Debug|Any CPU
		{B5B62916-841C-D3B8-3CA8-1D69CF6187C5}.Debug|Any CPU.Build.0 = Debug|Any CPU
		{B5B62916-841C-D3B8-3CA8-1D69CF6187C5}.Release|Any CPU.ActiveCfg = Release|Any CPU
		{B5B62916-841C-D3B8-3CA8-1D69CF6187C5}.Release|Any CPU.Build.0 = Release|Any CPU
		{BBBDA839-B0BC-D766-6E10-A02F5A2D9891}.Debug|Any CPU.ActiveCfg = Debug|Any CPU
		{BBBDA839-B0BC-D766-6E10-A02F5A2D9891}.Debug|Any CPU.Build.0 = Debug|Any CPU
		{BBBDA839-B0BC-D766-6E10-A02F5A2D9891}.Release|Any CPU.ActiveCfg = Release|Any CPU
		{BBBDA839-B0BC-D766-6E10-A02F5A2D9891}.Release|Any CPU.Build.0 = Release|Any CPU
		{A73C1938-FCAF-55BA-40D6-B478332ADA0D}.Debug|Any CPU.ActiveCfg = Debug|Any CPU
		{A73C1938-FCAF-55BA-40D6-B478332ADA0D}.Debug|Any CPU.Build.0 = Debug|Any CPU
		{A73C1938-FCAF-55BA-40D6-B478332ADA0D}.Release|Any CPU.ActiveCfg = Release|Any CPU
		{A73C1938-FCAF-55BA-40D6-B478332ADA0D}.Release|Any CPU.Build.0 = Release|Any CPU
		{9CB6AAFA-9274-8D8A-1638-3FA9BFA32D57}.Debug|Any CPU.ActiveCfg = Debug|Any CPU
		{9CB6AAFA-9274-8D8A-1638-3FA9BFA32D57}.Debug|Any CPU.Build.0 = Debug|Any CPU
		{9CB6AAFA-9274-8D8A-1638-3FA9BFA32D57}.Release|Any CPU.ActiveCfg = Release|Any CPU
		{9CB6AAFA-9274-8D8A-1638-3FA9BFA32D57}.Release|Any CPU.Build.0 = Release|Any CPU
		{BEEFD2B2-77DE-D795-0906-D29DC4CB98DA}.Debug|Any CPU.ActiveCfg = Debug|Any CPU
		{BEEFD2B2-77DE-D795-0906-D29DC4CB98DA}.Debug|Any CPU.Build.0 = Debug|Any CPU
		{BEEFD2B2-77DE-D795-0906-D29DC4CB98DA}.Release|Any CPU.ActiveCfg = Release|Any CPU
		{BEEFD2B2-77DE-D795-0906-D29DC4CB98DA}.Release|Any CPU.Build.0 = Release|Any CPU
		{7AB04E44-3153-8110-B1A1-7369CCD03B3C}.Debug|Any CPU.ActiveCfg = Debug|Any CPU
		{7AB04E44-3153-8110-B1A1-7369CCD03B3C}.Debug|Any CPU.Build.0 = Debug|Any CPU
		{7AB04E44-3153-8110-B1A1-7369CCD03B3C}.Release|Any CPU.ActiveCfg = Release|Any CPU
		{7AB04E44-3153-8110-B1A1-7369CCD03B3C}.Release|Any CPU.Build.0 = Release|Any CPU
		{83D646F6-1A8F-160C-2AFC-0441AD895DAD}.Debug|Any CPU.ActiveCfg = Debug|Any CPU
		{83D646F6-1A8F-160C-2AFC-0441AD895DAD}.Debug|Any CPU.Build.0 = Debug|Any CPU
		{83D646F6-1A8F-160C-2AFC-0441AD895DAD}.Release|Any CPU.ActiveCfg = Release|Any CPU
		{83D646F6-1A8F-160C-2AFC-0441AD895DAD}.Release|Any CPU.Build.0 = Release|Any CPU
		{38B63D57-B9A1-1290-EB2C-A0A5994CE373}.Debug|Any CPU.ActiveCfg = Debug|Any CPU
		{38B63D57-B9A1-1290-EB2C-A0A5994CE373}.Debug|Any CPU.Build.0 = Debug|Any CPU
		{38B63D57-B9A1-1290-EB2C-A0A5994CE373}.Release|Any CPU.ActiveCfg = Release|Any CPU
		{38B63D57-B9A1-1290-EB2C-A0A5994CE373}.Release|Any CPU.Build.0 = Release|Any CPU
		{EF11CA28-D2E4-911C-5D15-DD059D02FFEE}.Debug|Any CPU.ActiveCfg = Debug|Any CPU
		{EF11CA28-D2E4-911C-5D15-DD059D02FFEE}.Debug|Any CPU.Build.0 = Debug|Any CPU
		{EF11CA28-D2E4-911C-5D15-DD059D02FFEE}.Release|Any CPU.ActiveCfg = Release|Any CPU
		{EF11CA28-D2E4-911C-5D15-DD059D02FFEE}.Release|Any CPU.Build.0 = Release|Any CPU
		{A6A72F49-73B8-027B-9772-332C0E17B053}.Debug|Any CPU.ActiveCfg = Debug|Any CPU
		{A6A72F49-73B8-027B-9772-332C0E17B053}.Debug|Any CPU.Build.0 = Debug|Any CPU
		{A6A72F49-73B8-027B-9772-332C0E17B053}.Release|Any CPU.ActiveCfg = Release|Any CPU
		{A6A72F49-73B8-027B-9772-332C0E17B053}.Release|Any CPU.Build.0 = Release|Any CPU
		{79A357C2-4186-6FF1-1B8C-C6178C58919D}.Debug|Any CPU.ActiveCfg = Debug|Any CPU
		{79A357C2-4186-6FF1-1B8C-C6178C58919D}.Debug|Any CPU.Build.0 = Debug|Any CPU
		{79A357C2-4186-6FF1-1B8C-C6178C58919D}.Release|Any CPU.ActiveCfg = Release|Any CPU
		{79A357C2-4186-6FF1-1B8C-C6178C58919D}.Release|Any CPU.Build.0 = Release|Any CPU
		{F4A7FF71-1D97-DB23-5AFA-DA5F5BF8C4AD}.Debug|Any CPU.ActiveCfg = Debug|Any CPU
		{F4A7FF71-1D97-DB23-5AFA-DA5F5BF8C4AD}.Debug|Any CPU.Build.0 = Debug|Any CPU
		{F4A7FF71-1D97-DB23-5AFA-DA5F5BF8C4AD}.Release|Any CPU.ActiveCfg = Release|Any CPU
		{F4A7FF71-1D97-DB23-5AFA-DA5F5BF8C4AD}.Release|Any CPU.Build.0 = Release|Any CPU
		{3690B19A-9BD5-BF1F-5563-8C2171F2083E}.Debug|Any CPU.ActiveCfg = Debug|Any CPU
		{3690B19A-9BD5-BF1F-5563-8C2171F2083E}.Debug|Any CPU.Build.0 = Debug|Any CPU
		{3690B19A-9BD5-BF1F-5563-8C2171F2083E}.Release|Any CPU.ActiveCfg = Release|Any CPU
		{3690B19A-9BD5-BF1F-5563-8C2171F2083E}.Release|Any CPU.Build.0 = Release|Any CPU
		{305E61DC-66DF-4F2B-A7CD-0778718FE036}.Debug|Any CPU.ActiveCfg = Debug|Any CPU
		{305E61DC-66DF-4F2B-A7CD-0778718FE036}.Debug|Any CPU.Build.0 = Debug|Any CPU
		{305E61DC-66DF-4F2B-A7CD-0778718FE036}.Release|Any CPU.ActiveCfg = Release|Any CPU
		{305E61DC-66DF-4F2B-A7CD-0778718FE036}.Release|Any CPU.Build.0 = Release|Any CPU
		{91F16006-9A82-2BCB-A09D-5936BE82CFFC}.Debug|Any CPU.ActiveCfg = Debug|Any CPU
		{91F16006-9A82-2BCB-A09D-5936BE82CFFC}.Debug|Any CPU.Build.0 = Debug|Any CPU
		{91F16006-9A82-2BCB-A09D-5936BE82CFFC}.Release|Any CPU.ActiveCfg = Release|Any CPU
		{91F16006-9A82-2BCB-A09D-5936BE82CFFC}.Release|Any CPU.Build.0 = Release|Any CPU
		{5D203303-7A2C-104A-BF35-D3C07B3472C9}.Debug|Any CPU.ActiveCfg = Debug|Any CPU
		{5D203303-7A2C-104A-BF35-D3C07B3472C9}.Debug|Any CPU.Build.0 = Debug|Any CPU
		{5D203303-7A2C-104A-BF35-D3C07B3472C9}.Release|Any CPU.ActiveCfg = Release|Any CPU
		{5D203303-7A2C-104A-BF35-D3C07B3472C9}.Release|Any CPU.Build.0 = Release|Any CPU
		{D1AF9C01-FBDC-B0A5-96BE-358FA33026DB}.Debug|Any CPU.ActiveCfg = Debug|Any CPU
		{D1AF9C01-FBDC-B0A5-96BE-358FA33026DB}.Debug|Any CPU.Build.0 = Debug|Any CPU
		{D1AF9C01-FBDC-B0A5-96BE-358FA33026DB}.Release|Any CPU.ActiveCfg = Release|Any CPU
		{D1AF9C01-FBDC-B0A5-96BE-358FA33026DB}.Release|Any CPU.Build.0 = Release|Any CPU
		{8B21A0F4-5FC8-B6F5-7407-2F3F98183F37}.Debug|Any CPU.ActiveCfg = Debug|Any CPU
		{8B21A0F4-5FC8-B6F5-7407-2F3F98183F37}.Debug|Any CPU.Build.0 = Debug|Any CPU
		{8B21A0F4-5FC8-B6F5-7407-2F3F98183F37}.Release|Any CPU.ActiveCfg = Release|Any CPU
		{8B21A0F4-5FC8-B6F5-7407-2F3F98183F37}.Release|Any CPU.Build.0 = Release|Any CPU
		{4E3D1AF4-A84F-C258-B444-1A2DAEBF46BB}.Debug|Any CPU.ActiveCfg = Debug|Any CPU
		{4E3D1AF4-A84F-C258-B444-1A2DAEBF46BB}.Debug|Any CPU.Build.0 = Debug|Any CPU
		{4E3D1AF4-A84F-C258-B444-1A2DAEBF46BB}.Release|Any CPU.ActiveCfg = Release|Any CPU
		{4E3D1AF4-A84F-C258-B444-1A2DAEBF46BB}.Release|Any CPU.Build.0 = Release|Any CPU
		{968740B9-7CD6-0861-EF3C-B62F7172C73D}.Debug|Any CPU.ActiveCfg = Debug|Any CPU
		{968740B9-7CD6-0861-EF3C-B62F7172C73D}.Debug|Any CPU.Build.0 = Debug|Any CPU
		{968740B9-7CD6-0861-EF3C-B62F7172C73D}.Release|Any CPU.ActiveCfg = Release|Any CPU
		{968740B9-7CD6-0861-EF3C-B62F7172C73D}.Release|Any CPU.Build.0 = Release|Any CPU
		{EA1C94EC-FD84-EE51-4454-03E94F8D3D4F}.Debug|Any CPU.ActiveCfg = Debug|Any CPU
		{EA1C94EC-FD84-EE51-4454-03E94F8D3D4F}.Debug|Any CPU.Build.0 = Debug|Any CPU
		{EA1C94EC-FD84-EE51-4454-03E94F8D3D4F}.Release|Any CPU.ActiveCfg = Release|Any CPU
		{EA1C94EC-FD84-EE51-4454-03E94F8D3D4F}.Release|Any CPU.Build.0 = Release|Any CPU
		{E20C4A67-E270-E9E5-C988-7376C2C2C93E}.Debug|Any CPU.ActiveCfg = Debug|Any CPU
		{E20C4A67-E270-E9E5-C988-7376C2C2C93E}.Debug|Any CPU.Build.0 = Debug|Any CPU
		{E20C4A67-E270-E9E5-C988-7376C2C2C93E}.Release|Any CPU.ActiveCfg = Release|Any CPU
		{E20C4A67-E270-E9E5-C988-7376C2C2C93E}.Release|Any CPU.Build.0 = Release|Any CPU
		{1B539C57-EAA9-B685-42EE-68CDF57F8EAE}.Debug|Any CPU.ActiveCfg = Debug|Any CPU
		{1B539C57-EAA9-B685-42EE-68CDF57F8EAE}.Debug|Any CPU.Build.0 = Debug|Any CPU
		{1B539C57-EAA9-B685-42EE-68CDF57F8EAE}.Release|Any CPU.ActiveCfg = Release|Any CPU
		{1B539C57-EAA9-B685-42EE-68CDF57F8EAE}.Release|Any CPU.Build.0 = Release|Any CPU
		{00EB9489-B05B-EF7F-33A0-C36F214B2952}.Debug|Any CPU.ActiveCfg = Debug|Any CPU
		{00EB9489-B05B-EF7F-33A0-C36F214B2952}.Debug|Any CPU.Build.0 = Debug|Any CPU
		{00EB9489-B05B-EF7F-33A0-C36F214B2952}.Release|Any CPU.ActiveCfg = Release|Any CPU
		{00EB9489-B05B-EF7F-33A0-C36F214B2952}.Release|Any CPU.Build.0 = Release|Any CPU
		{18291844-7C20-AF68-BCEE-542FE5BA35EA}.Debug|Any CPU.ActiveCfg = Debug|Any CPU
		{18291844-7C20-AF68-BCEE-542FE5BA35EA}.Debug|Any CPU.Build.0 = Debug|Any CPU
		{18291844-7C20-AF68-BCEE-542FE5BA35EA}.Release|Any CPU.ActiveCfg = Release|Any CPU
		{18291844-7C20-AF68-BCEE-542FE5BA35EA}.Release|Any CPU.Build.0 = Release|Any CPU
		{2635927C-006C-01F5-C1C4-02EFD102BF06}.Debug|Any CPU.ActiveCfg = Debug|Any CPU
		{2635927C-006C-01F5-C1C4-02EFD102BF06}.Debug|Any CPU.Build.0 = Debug|Any CPU
		{2635927C-006C-01F5-C1C4-02EFD102BF06}.Release|Any CPU.ActiveCfg = Release|Any CPU
		{2635927C-006C-01F5-C1C4-02EFD102BF06}.Release|Any CPU.Build.0 = Release|Any CPU
		{F891CE22-9012-AF5B-04DB-4A869404FFCD}.Debug|Any CPU.ActiveCfg = Debug|Any CPU
		{F891CE22-9012-AF5B-04DB-4A869404FFCD}.Debug|Any CPU.Build.0 = Debug|Any CPU
		{F891CE22-9012-AF5B-04DB-4A869404FFCD}.Release|Any CPU.ActiveCfg = Release|Any CPU
		{F891CE22-9012-AF5B-04DB-4A869404FFCD}.Release|Any CPU.Build.0 = Release|Any CPU
		{89C105F1-9F82-18E7-7C7A-EDDE7185CAA1}.Debug|Any CPU.ActiveCfg = Debug|Any CPU
		{89C105F1-9F82-18E7-7C7A-EDDE7185CAA1}.Debug|Any CPU.Build.0 = Debug|Any CPU
		{89C105F1-9F82-18E7-7C7A-EDDE7185CAA1}.Release|Any CPU.ActiveCfg = Release|Any CPU
		{89C105F1-9F82-18E7-7C7A-EDDE7185CAA1}.Release|Any CPU.Build.0 = Release|Any CPU
		{5640F1C2-5DA4-591C-DCFC-B65A05DF6C80}.Debug|Any CPU.ActiveCfg = Debug|Any CPU
		{5640F1C2-5DA4-591C-DCFC-B65A05DF6C80}.Debug|Any CPU.Build.0 = Debug|Any CPU
		{5640F1C2-5DA4-591C-DCFC-B65A05DF6C80}.Release|Any CPU.ActiveCfg = Release|Any CPU
		{5640F1C2-5DA4-591C-DCFC-B65A05DF6C80}.Release|Any CPU.Build.0 = Release|Any CPU
		{EF559C3D-7F15-8A74-0613-F7AB8D7B04F8}.Debug|Any CPU.ActiveCfg = Debug|Any CPU
		{EF559C3D-7F15-8A74-0613-F7AB8D7B04F8}.Debug|Any CPU.Build.0 = Debug|Any CPU
		{EF559C3D-7F15-8A74-0613-F7AB8D7B04F8}.Release|Any CPU.ActiveCfg = Release|Any CPU
		{EF559C3D-7F15-8A74-0613-F7AB8D7B04F8}.Release|Any CPU.Build.0 = Release|Any CPU
		{5A925B38-E361-F92B-6390-ACFC7E21BE35}.Debug|Any CPU.ActiveCfg = Debug|Any CPU
		{5A925B38-E361-F92B-6390-ACFC7E21BE35}.Debug|Any CPU.Build.0 = Debug|Any CPU
		{5A925B38-E361-F92B-6390-ACFC7E21BE35}.Release|Any CPU.ActiveCfg = Release|Any CPU
		{5A925B38-E361-F92B-6390-ACFC7E21BE35}.Release|Any CPU.Build.0 = Release|Any CPU
		{89DAA71B-A836-429A-B2F0-703487C44782}.Debug|Any CPU.ActiveCfg = Debug|Any CPU
		{89DAA71B-A836-429A-B2F0-703487C44782}.Debug|Any CPU.Build.0 = Debug|Any CPU
		{89DAA71B-A836-429A-B2F0-703487C44782}.Release|Any CPU.ActiveCfg = Release|Any CPU
		{89DAA71B-A836-429A-B2F0-703487C44782}.Release|Any CPU.Build.0 = Release|Any CPU
		{325EE843-6109-A1B5-C4FF-6D104B089910}.Debug|Any CPU.ActiveCfg = Debug|Any CPU
		{325EE843-6109-A1B5-C4FF-6D104B089910}.Debug|Any CPU.Build.0 = Debug|Any CPU
		{325EE843-6109-A1B5-C4FF-6D104B089910}.Release|Any CPU.ActiveCfg = Release|Any CPU
		{325EE843-6109-A1B5-C4FF-6D104B089910}.Release|Any CPU.Build.0 = Release|Any CPU
	EndGlobalSection
	GlobalSection(SolutionProperties) = preSolution
		HideSolutionNode = FALSE
	EndGlobalSection
EndGlobal
